
Microsoft Visual Studio Solution File, Format Version 12.00
# Visual Studio 15
VisualStudioVersion = 15.0.28307.705
MinimumVisualStudioVersion = 10.0.40219.1
Project("{9A19103F-16F7-4668-BE54-9A1E7A4F7556}") = "Afina.Tui", "Afina.Tui\Afina.Tui.csproj", "{3A6CC4A8-378D-4BF3-883C-F7B62D444E2C}"
EndProject
Project("{9A19103F-16F7-4668-BE54-9A1E7A4F7556}") = "Afina.Tui.Library", "Afina.Tui.Library\Afina.Tui.Library.csproj", "{E3F59CFD-6038-448E-883A-09CDDA7615B8}"
EndProject
Global
	GlobalSection(SolutionConfigurationPlatforms) = preSolution
		Debug|Any CPU = Debug|Any CPU
		Release|Any CPU = Release|Any CPU
	EndGlobalSection
	GlobalSection(ProjectConfigurationPlatforms) = postSolution
		{3A6CC4A8-378D-4BF3-883C-F7B62D444E2C}.Debug|Any CPU.ActiveCfg = Debug|Any CPU
		{3A6CC4A8-378D-4BF3-883C-F7B62D444E2C}.Debug|Any CPU.Build.0 = Debug|Any CPU
		{3A6CC4A8-378D-4BF3-883C-F7B62D444E2C}.Release|Any CPU.ActiveCfg = Release|Any CPU
		{3A6CC4A8-378D-4BF3-883C-F7B62D444E2C}.Release|Any CPU.Build.0 = Release|Any CPU
		{E3F59CFD-6038-448E-883A-09CDDA7615B8}.Debug|Any CPU.ActiveCfg = Debug|Any CPU
		{E3F59CFD-6038-448E-883A-09CDDA7615B8}.Debug|Any CPU.Build.0 = Debug|Any CPU
		{E3F59CFD-6038-448E-883A-09CDDA7615B8}.Release|Any CPU.ActiveCfg = Release|Any CPU
		{E3F59CFD-6038-448E-883A-09CDDA7615B8}.Release|Any CPU.Build.0 = Release|Any CPU
	EndGlobalSection
	GlobalSection(SolutionProperties) = preSolution
		HideSolutionNode = FALSE
	EndGlobalSection
	GlobalSection(ExtensibilityGlobals) = postSolution
		SolutionGuid = {088332ED-5730-4A0B-BE7D-0BE7ABFCE128}
	EndGlobalSection
EndGlobal
